
Microsoft Visual Studio Solution File, Format Version 9.00
# Visual Studio 2005
Project("{8BC9CEB8-8B4A-11D0-8D11-00A0C91BC942}") = "Test", "Test.vcproj", "{E958AB6C-1E61-419E-811D-6F4830D56A28}"
EndProject
Project("{8BC9CEB8-8B4A-11D0-8D11-00A0C91BC942}") = "FlowControl", "FlowControl.vcproj", "{6A03EA65-0096-4002-BF0C-0765196E3BEF}"
EndProject
Global
	GlobalSection(SolutionConfigurationPlatforms) = preSolution
		Debug|Win32 = Debug|Win32
		Release|Win32 = Release|Win32
	EndGlobalSection
	GlobalSection(ProjectConfigurationPlatforms) = postSolution
		{E958AB6C-1E61-419E-811D-6F4830D56A28}.Debug|Win32.ActiveCfg = Debug|Win32
		{E958AB6C-1E61-419E-811D-6F4830D56A28}.Debug|Win32.Build.0 = Debug|Win32
		{E958AB6C-1E61-419E-811D-6F4830D56A28}.Release|Win32.ActiveCfg = Release|Win32
		{E958AB6C-1E61-419E-811D-6F4830D56A28}.Release|Win32.Build.0 = Release|Win32
		{6A03EA65-0096-4002-BF0C-0765196E3BEF}.Debug|Win32.ActiveCfg = Debug|Win32
		{6A03EA65-0096-4002-BF0C-0765196E3BEF}.Debug|Win32.Build.0 = Debug|Win32
		{6A03EA65-0096-4002-BF0C-0765196E3BEF}.Release|Win32.ActiveCfg = Release|Win32
		{6A03EA65-0096-4002-BF0C-0765196E3BEF}.Release|Win32.Build.0 = Release|Win32
	EndGlobalSection
	GlobalSection(SolutionProperties) = preSolution
		HideSolutionNode = FALSE
	EndGlobalSection
EndGlobal
