
Microsoft Visual Studio Solution File, Format Version 9.00
# Visual Studio 2005
Project("{8BC9CEB8-8B4A-11D0-8D11-00A0C91BC942}") = "Node", "Node.vcproj", "{10A5456C-8EAF-4DDD-BC2D-7503E011C6ED}"
EndProject
Project("{8BC9CEB8-8B4A-11D0-8D11-00A0C91BC942}") = "Simple", "Simple.vcproj", "{5B927FCB-5BB4-4FFF-B69E-B10F5D199E66}"
EndProject
Project("{8BC9CEB8-8B4A-11D0-8D11-00A0C91BC942}") = "Test", "Test.vcproj", "{4051A828-2363-4E80-93EF-D3BBB0004C06}"
EndProject
Global
	GlobalSection(SolutionConfigurationPlatforms) = preSolution
		Debug|Win32 = Debug|Win32
		Release|Win32 = Release|Win32
	EndGlobalSection
	GlobalSection(ProjectConfigurationPlatforms) = postSolution
		{10A5456C-8EAF-4DDD-BC2D-7503E011C6ED}.Debug|Win32.ActiveCfg = Debug|Win32
		{10A5456C-8EAF-4DDD-BC2D-7503E011C6ED}.Debug|Win32.Build.0 = Debug|Win32
		{10A5456C-8EAF-4DDD-BC2D-7503E011C6ED}.Release|Win32.ActiveCfg = Release|Win32
		{10A5456C-8EAF-4DDD-BC2D-7503E011C6ED}.Release|Win32.Build.0 = Release|Win32
		{5B927FCB-5BB4-4FFF-B69E-B10F5D199E66}.Debug|Win32.ActiveCfg = Debug|Win32
		{5B927FCB-5BB4-4FFF-B69E-B10F5D199E66}.Debug|Win32.Build.0 = Debug|Win32
		{5B927FCB-5BB4-4FFF-B69E-B10F5D199E66}.Release|Win32.ActiveCfg = Release|Win32
		{5B927FCB-5BB4-4FFF-B69E-B10F5D199E66}.Release|Win32.Build.0 = Release|Win32
		{4051A828-2363-4E80-93EF-D3BBB0004C06}.Debug|Win32.ActiveCfg = Debug|Win32
		{4051A828-2363-4E80-93EF-D3BBB0004C06}.Debug|Win32.Build.0 = Debug|Win32
		{4051A828-2363-4E80-93EF-D3BBB0004C06}.Release|Win32.ActiveCfg = Release|Win32
		{4051A828-2363-4E80-93EF-D3BBB0004C06}.Release|Win32.Build.0 = Release|Win32
	EndGlobalSection
	GlobalSection(SolutionProperties) = preSolution
		HideSolutionNode = FALSE
	EndGlobalSection
EndGlobal
